
Microsoft Visual Studio Solution File, Format Version 12.00
# Visual Studio Version 16
VisualStudioVersion = 16.0.29411.108
MinimumVisualStudioVersion = 10.0.40219.1
Project("{888888A0-9F3D-457C-B088-3A5042F75D52}") = "BlackIPAuto", "BlackIPAuto\BlackIPAuto.pyproj", "{50919598-8EBA-4262-B389-BF53C28B8122}"
EndProject
Global
	GlobalSection(SolutionConfigurationPlatforms) = preSolution
		Debug|Any CPU = Debug|Any CPU
		Release|Any CPU = Release|Any CPU
	EndGlobalSection
	GlobalSection(ProjectConfigurationPlatforms) = postSolution
		{50919598-8EBA-4262-B389-BF53C28B8122}.Debug|Any CPU.ActiveCfg = Debug|Any CPU
		{50919598-8EBA-4262-B389-BF53C28B8122}.Release|Any CPU.ActiveCfg = Release|Any CPU
	EndGlobalSection
	GlobalSection(SolutionProperties) = preSolution
		HideSolutionNode = FALSE
	EndGlobalSection
	GlobalSection(ExtensibilityGlobals) = postSolution
		SolutionGuid = {9C834358-63C8-4A71-AFEE-646E61EA8D80}
	EndGlobalSection
EndGlobal
